
Microsoft Visual Studio Solution File, Format Version 12.00
# Visual Studio Version 16
VisualStudioVersion = 16.0.28803.352
MinimumVisualStudioVersion = 10.0.40219.1
Project("{FAE04EC0-301F-11D3-BF4B-00C04F79EFBC}") = "SmarterUnpause", "SmarterUnpause\SmarterUnpause.csproj", "{66796342-C8AB-4282-92FA-672B5169129A}"
EndProject
Project("{FAE04EC0-301F-11D3-BF4B-00C04F79EFBC}") = "CombatLogExporter", "CombatLogExporter\CombatLogExporter.csproj", "{FF25C6C3-4C3D-42DF-9C74-1F7A6150E0A7}"
EndProject
Project("{2150E333-8FDC-42A3-9474-1A3956D46DE8}") = "Solution Items", "Solution Items", "{B4C1CF00-C757-4503-9993-E8A2BC89848B}"
	ProjectSection(SolutionItems) = preProject
		CompileAll.bat = CompileAll.bat
		GOG.bat = GOG.bat
		handle_copy.py = handle_copy.py
		OpenAssembly.bat = OpenAssembly.bat
		README.MD = README.MD
		Steam.bat = Steam.bat
	EndProjectSection
EndProject
Project("{FAE04EC0-301F-11D3-BF4B-00C04F79EFBC}") = "DisableAutosave", "DisableAutosave\DisableAutosave.csproj", "{BA223B04-6210-4EEA-9CC3-B77D2E63C2EF}"
EndProject
Project("{FAE04EC0-301F-11D3-BF4B-00C04F79EFBC}") = "ShipMorale", "ShipMorale\ShipMorale.csproj", "{FD4B419F-0087-4EB0-85A1-0900E4DA616A}"
EndProject
Project("{2150E333-8FDC-42A3-9474-1A3956D46DE8}") = "MyLicense", "MyLicense", "{C251B6AA-3B58-478E-A3A1-7B98A6B1A295}"
	ProjectSection(SolutionItems) = preProject
		LICENSE.txt = LICENSE.txt
	EndProjectSection
EndProject
Project("{2150E333-8FDC-42A3-9474-1A3956D46DE8}") = "SonicZentropyLicense", "SonicZentropyLicense", "{63D124A3-19FB-4AFD-87B6-DC27A7B6EF13}"
	ProjectSection(SolutionItems) = preProject
		SonicZentropyLicense.txt = SonicZentropyLicense.txt
	EndProjectSection
EndProject
Project("{FAE04EC0-301F-11D3-BF4B-00C04F79EFBC}") = "Re-enabledRetargeting", "Re-enabledRetargeting\Re-enabledRetargeting.csproj", "{CB24F959-F99C-4837-92E0-0F07D9B63FA6}"
EndProject
Project("{FAE04EC0-301F-11D3-BF4B-00C04F79EFBC}") = "ArbitraryManyAdventurers", "ArbitraryManyAdventurers\ArbitraryManyAdventurers.csproj", "{C41067E2-0E3D-472C-9A77-F2898E284E25}"
EndProject
Project("{FAE04EC0-301F-11D3-BF4B-00C04F79EFBC}") = "DedicatedPauseButton", "DedicatedPauseButton\DedicatedPauseButton.csproj", "{2D7971F9-B6BA-4483-B8F4-946F178A305F}"
EndProject
Project("{FAE04EC0-301F-11D3-BF4B-00C04F79EFBC}") = "CameraZoomUnlocker", "CameraZoomUnlocker\CameraZoomUnlocker.csproj", "{5A43EA23-67AE-4345-BD09-4F06A93BAB4C}"
EndProject
Global
	GlobalSection(SolutionConfigurationPlatforms) = preSolution
		Debug|Any CPU = Debug|Any CPU
		net_2_0_Debug|Any CPU = net_2_0_Debug|Any CPU
		net_2_0_Release|Any CPU = net_2_0_Release|Any CPU
		net_3_5_Debug|Any CPU = net_3_5_Debug|Any CPU
		net_3_5_Release|Any CPU = net_3_5_Release|Any CPU
		net_4_0_Debug|Any CPU = net_4_0_Debug|Any CPU
		net_4_0_Release|Any CPU = net_4_0_Release|Any CPU
		net_4_5_Debug|Any CPU = net_4_5_Debug|Any CPU
		net_4_5_Release|Any CPU = net_4_5_Release|Any CPU
		PrepareEnvironment|Any CPU = PrepareEnvironment|Any CPU
		Publish|Any CPU = Publish|Any CPU
		Release|Any CPU = Release|Any CPU
		silverlight_Debug|Any CPU = silverlight_Debug|Any CPU
		silverlight_Release|Any CPU = silverlight_Release|Any CPU
		winphone_Debug|Any CPU = winphone_Debug|Any CPU
		winphone_Release|Any CPU = winphone_Release|Any CPU
	EndGlobalSection
	GlobalSection(ProjectConfigurationPlatforms) = postSolution
		{66796342-C8AB-4282-92FA-672B5169129A}.Debug|Any CPU.ActiveCfg = Debug|Any CPU
		{66796342-C8AB-4282-92FA-672B5169129A}.Debug|Any CPU.Build.0 = Debug|Any CPU
		{66796342-C8AB-4282-92FA-672B5169129A}.net_2_0_Debug|Any CPU.ActiveCfg = Debug|Any CPU
		{66796342-C8AB-4282-92FA-672B5169129A}.net_2_0_Debug|Any CPU.Build.0 = Debug|Any CPU
		{66796342-C8AB-4282-92FA-672B5169129A}.net_2_0_Release|Any CPU.ActiveCfg = Release|Any CPU
		{66796342-C8AB-4282-92FA-672B5169129A}.net_2_0_Release|Any CPU.Build.0 = Release|Any CPU
		{66796342-C8AB-4282-92FA-672B5169129A}.net_3_5_Debug|Any CPU.ActiveCfg = Debug|Any CPU
		{66796342-C8AB-4282-92FA-672B5169129A}.net_3_5_Debug|Any CPU.Build.0 = Debug|Any CPU
		{66796342-C8AB-4282-92FA-672B5169129A}.net_3_5_Release|Any CPU.ActiveCfg = Release|Any CPU
		{66796342-C8AB-4282-92FA-672B5169129A}.net_3_5_Release|Any CPU.Build.0 = Release|Any CPU
		{66796342-C8AB-4282-92FA-672B5169129A}.net_4_0_Debug|Any CPU.ActiveCfg = Debug|Any CPU
		{66796342-C8AB-4282-92FA-672B5169129A}.net_4_0_Debug|Any CPU.Build.0 = Debug|Any CPU
		{66796342-C8AB-4282-92FA-672B5169129A}.net_4_0_Release|Any CPU.ActiveCfg = Release|Any CPU
		{66796342-C8AB-4282-92FA-672B5169129A}.net_4_0_Release|Any CPU.Build.0 = Release|Any CPU
		{66796342-C8AB-4282-92FA-672B5169129A}.net_4_5_Debug|Any CPU.ActiveCfg = Debug|Any CPU
		{66796342-C8AB-4282-92FA-672B5169129A}.net_4_5_Debug|Any CPU.Build.0 = Debug|Any CPU
		{66796342-C8AB-4282-92FA-672B5169129A}.net_4_5_Release|Any CPU.ActiveCfg = Release|Any CPU
		{66796342-C8AB-4282-92FA-672B5169129A}.net_4_5_Release|Any CPU.Build.0 = Release|Any CPU
		{66796342-C8AB-4282-92FA-672B5169129A}.PrepareEnvironment|Any CPU.ActiveCfg = Release|Any CPU
		{66796342-C8AB-4282-92FA-672B5169129A}.PrepareEnvironment|Any CPU.Build.0 = Release|Any CPU
		{66796342-C8AB-4282-92FA-672B5169129A}.Publish|Any CPU.ActiveCfg = Release|Any CPU
		{66796342-C8AB-4282-92FA-672B5169129A}.Publish|Any CPU.Build.0 = Release|Any CPU
		{66796342-C8AB-4282-92FA-672B5169129A}.Release|Any CPU.ActiveCfg = Release|Any CPU
		{66796342-C8AB-4282-92FA-672B5169129A}.Release|Any CPU.Build.0 = Release|Any CPU
		{66796342-C8AB-4282-92FA-672B5169129A}.silverlight_Debug|Any CPU.ActiveCfg = Debug|Any CPU
		{66796342-C8AB-4282-92FA-672B5169129A}.silverlight_Debug|Any CPU.Build.0 = Debug|Any CPU
		{66796342-C8AB-4282-92FA-672B5169129A}.silverlight_Release|Any CPU.ActiveCfg = Release|Any CPU
		{66796342-C8AB-4282-92FA-672B5169129A}.silverlight_Release|Any CPU.Build.0 = Release|Any CPU
		{66796342-C8AB-4282-92FA-672B5169129A}.winphone_Debug|Any CPU.ActiveCfg = Debug|Any CPU
		{66796342-C8AB-4282-92FA-672B5169129A}.winphone_Debug|Any CPU.Build.0 = Debug|Any CPU
		{66796342-C8AB-4282-92FA-672B5169129A}.winphone_Release|Any CPU.ActiveCfg = Release|Any CPU
		{66796342-C8AB-4282-92FA-672B5169129A}.winphone_Release|Any CPU.Build.0 = Release|Any CPU
		{FF25C6C3-4C3D-42DF-9C74-1F7A6150E0A7}.Debug|Any CPU.ActiveCfg = Debug|Any CPU
		{FF25C6C3-4C3D-42DF-9C74-1F7A6150E0A7}.Debug|Any CPU.Build.0 = Debug|Any CPU
		{FF25C6C3-4C3D-42DF-9C74-1F7A6150E0A7}.net_2_0_Debug|Any CPU.ActiveCfg = Debug|Any CPU
		{FF25C6C3-4C3D-42DF-9C74-1F7A6150E0A7}.net_2_0_Debug|Any CPU.Build.0 = Debug|Any CPU
		{FF25C6C3-4C3D-42DF-9C74-1F7A6150E0A7}.net_2_0_Release|Any CPU.ActiveCfg = Release|Any CPU
		{FF25C6C3-4C3D-42DF-9C74-1F7A6150E0A7}.net_2_0_Release|Any CPU.Build.0 = Release|Any CPU
		{FF25C6C3-4C3D-42DF-9C74-1F7A6150E0A7}.net_3_5_Debug|Any CPU.ActiveCfg = Debug|Any CPU
		{FF25C6C3-4C3D-42DF-9C74-1F7A6150E0A7}.net_3_5_Debug|Any CPU.Build.0 = Debug|Any CPU
		{FF25C6C3-4C3D-42DF-9C74-1F7A6150E0A7}.net_3_5_Release|Any CPU.ActiveCfg = Release|Any CPU
		{FF25C6C3-4C3D-42DF-9C74-1F7A6150E0A7}.net_3_5_Release|Any CPU.Build.0 = Release|Any CPU
		{FF25C6C3-4C3D-42DF-9C74-1F7A6150E0A7}.net_4_0_Debug|Any CPU.ActiveCfg = Debug|Any CPU
		{FF25C6C3-4C3D-42DF-9C74-1F7A6150E0A7}.net_4_0_Debug|Any CPU.Build.0 = Debug|Any CPU
		{FF25C6C3-4C3D-42DF-9C74-1F7A6150E0A7}.net_4_0_Release|Any CPU.ActiveCfg = Release|Any CPU
		{FF25C6C3-4C3D-42DF-9C74-1F7A6150E0A7}.net_4_0_Release|Any CPU.Build.0 = Release|Any CPU
		{FF25C6C3-4C3D-42DF-9C74-1F7A6150E0A7}.net_4_5_Debug|Any CPU.ActiveCfg = Debug|Any CPU
		{FF25C6C3-4C3D-42DF-9C74-1F7A6150E0A7}.net_4_5_Debug|Any CPU.Build.0 = Debug|Any CPU
		{FF25C6C3-4C3D-42DF-9C74-1F7A6150E0A7}.net_4_5_Release|Any CPU.ActiveCfg = Release|Any CPU
		{FF25C6C3-4C3D-42DF-9C74-1F7A6150E0A7}.net_4_5_Release|Any CPU.Build.0 = Release|Any CPU
		{FF25C6C3-4C3D-42DF-9C74-1F7A6150E0A7}.PrepareEnvironment|Any CPU.ActiveCfg = Release|Any CPU
		{FF25C6C3-4C3D-42DF-9C74-1F7A6150E0A7}.PrepareEnvironment|Any CPU.Build.0 = Release|Any CPU
		{FF25C6C3-4C3D-42DF-9C74-1F7A6150E0A7}.Publish|Any CPU.ActiveCfg = Release|Any CPU
		{FF25C6C3-4C3D-42DF-9C74-1F7A6150E0A7}.Publish|Any CPU.Build.0 = Release|Any CPU
		{FF25C6C3-4C3D-42DF-9C74-1F7A6150E0A7}.Release|Any CPU.ActiveCfg = Release|Any CPU
		{FF25C6C3-4C3D-42DF-9C74-1F7A6150E0A7}.Release|Any CPU.Build.0 = Release|Any CPU
		{FF25C6C3-4C3D-42DF-9C74-1F7A6150E0A7}.silverlight_Debug|Any CPU.ActiveCfg = Debug|Any CPU
		{FF25C6C3-4C3D-42DF-9C74-1F7A6150E0A7}.silverlight_Debug|Any CPU.Build.0 = Debug|Any CPU
		{FF25C6C3-4C3D-42DF-9C74-1F7A6150E0A7}.silverlight_Release|Any CPU.ActiveCfg = Release|Any CPU
		{FF25C6C3-4C3D-42DF-9C74-1F7A6150E0A7}.silverlight_Release|Any CPU.Build.0 = Release|Any CPU
		{FF25C6C3-4C3D-42DF-9C74-1F7A6150E0A7}.winphone_Debug|Any CPU.ActiveCfg = Debug|Any CPU
		{FF25C6C3-4C3D-42DF-9C74-1F7A6150E0A7}.winphone_Debug|Any CPU.Build.0 = Debug|Any CPU
		{FF25C6C3-4C3D-42DF-9C74-1F7A6150E0A7}.winphone_Release|Any CPU.ActiveCfg = Release|Any CPU
		{FF25C6C3-4C3D-42DF-9C74-1F7A6150E0A7}.winphone_Release|Any CPU.Build.0 = Release|Any CPU
		{BA223B04-6210-4EEA-9CC3-B77D2E63C2EF}.Debug|Any CPU.ActiveCfg = Debug|Any CPU
		{BA223B04-6210-4EEA-9CC3-B77D2E63C2EF}.Debug|Any CPU.Build.0 = Debug|Any CPU
		{BA223B04-6210-4EEA-9CC3-B77D2E63C2EF}.net_2_0_Debug|Any CPU.ActiveCfg = Debug|Any CPU
		{BA223B04-6210-4EEA-9CC3-B77D2E63C2EF}.net_2_0_Debug|Any CPU.Build.0 = Debug|Any CPU
		{BA223B04-6210-4EEA-9CC3-B77D2E63C2EF}.net_2_0_Release|Any CPU.ActiveCfg = Release|Any CPU
		{BA223B04-6210-4EEA-9CC3-B77D2E63C2EF}.net_2_0_Release|Any CPU.Build.0 = Release|Any CPU
		{BA223B04-6210-4EEA-9CC3-B77D2E63C2EF}.net_3_5_Debug|Any CPU.ActiveCfg = Debug|Any CPU
		{BA223B04-6210-4EEA-9CC3-B77D2E63C2EF}.net_3_5_Debug|Any CPU.Build.0 = Debug|Any CPU
		{BA223B04-6210-4EEA-9CC3-B77D2E63C2EF}.net_3_5_Release|Any CPU.ActiveCfg = Release|Any CPU
		{BA223B04-6210-4EEA-9CC3-B77D2E63C2EF}.net_3_5_Release|Any CPU.Build.0 = Release|Any CPU
		{BA223B04-6210-4EEA-9CC3-B77D2E63C2EF}.net_4_0_Debug|Any CPU.ActiveCfg = Debug|Any CPU
		{BA223B04-6210-4EEA-9CC3-B77D2E63C2EF}.net_4_0_Debug|Any CPU.Build.0 = Debug|Any CPU
		{BA223B04-6210-4EEA-9CC3-B77D2E63C2EF}.net_4_0_Release|Any CPU.ActiveCfg = Release|Any CPU
		{BA223B04-6210-4EEA-9CC3-B77D2E63C2EF}.net_4_0_Release|Any CPU.Build.0 = Release|Any CPU
		{BA223B04-6210-4EEA-9CC3-B77D2E63C2EF}.net_4_5_Debug|Any CPU.ActiveCfg = Debug|Any CPU
		{BA223B04-6210-4EEA-9CC3-B77D2E63C2EF}.net_4_5_Debug|Any CPU.Build.0 = Debug|Any CPU
		{BA223B04-6210-4EEA-9CC3-B77D2E63C2EF}.net_4_5_Release|Any CPU.ActiveCfg = Release|Any CPU
		{BA223B04-6210-4EEA-9CC3-B77D2E63C2EF}.net_4_5_Release|Any CPU.Build.0 = Release|Any CPU
		{BA223B04-6210-4EEA-9CC3-B77D2E63C2EF}.PrepareEnvironment|Any CPU.ActiveCfg = Release|Any CPU
		{BA223B04-6210-4EEA-9CC3-B77D2E63C2EF}.PrepareEnvironment|Any CPU.Build.0 = Release|Any CPU
		{BA223B04-6210-4EEA-9CC3-B77D2E63C2EF}.Publish|Any CPU.ActiveCfg = Release|Any CPU
		{BA223B04-6210-4EEA-9CC3-B77D2E63C2EF}.Publish|Any CPU.Build.0 = Release|Any CPU
		{BA223B04-6210-4EEA-9CC3-B77D2E63C2EF}.Release|Any CPU.ActiveCfg = Release|Any CPU
		{BA223B04-6210-4EEA-9CC3-B77D2E63C2EF}.Release|Any CPU.Build.0 = Release|Any CPU
		{BA223B04-6210-4EEA-9CC3-B77D2E63C2EF}.silverlight_Debug|Any CPU.ActiveCfg = Debug|Any CPU
		{BA223B04-6210-4EEA-9CC3-B77D2E63C2EF}.silverlight_Debug|Any CPU.Build.0 = Debug|Any CPU
		{BA223B04-6210-4EEA-9CC3-B77D2E63C2EF}.silverlight_Release|Any CPU.ActiveCfg = Release|Any CPU
		{BA223B04-6210-4EEA-9CC3-B77D2E63C2EF}.silverlight_Release|Any CPU.Build.0 = Release|Any CPU
		{BA223B04-6210-4EEA-9CC3-B77D2E63C2EF}.winphone_Debug|Any CPU.ActiveCfg = Debug|Any CPU
		{BA223B04-6210-4EEA-9CC3-B77D2E63C2EF}.winphone_Debug|Any CPU.Build.0 = Debug|Any CPU
		{BA223B04-6210-4EEA-9CC3-B77D2E63C2EF}.winphone_Release|Any CPU.ActiveCfg = Release|Any CPU
		{BA223B04-6210-4EEA-9CC3-B77D2E63C2EF}.winphone_Release|Any CPU.Build.0 = Release|Any CPU
		{FD4B419F-0087-4EB0-85A1-0900E4DA616A}.Debug|Any CPU.ActiveCfg = Debug|Any CPU
		{FD4B419F-0087-4EB0-85A1-0900E4DA616A}.Debug|Any CPU.Build.0 = Debug|Any CPU
		{FD4B419F-0087-4EB0-85A1-0900E4DA616A}.net_2_0_Debug|Any CPU.ActiveCfg = Debug|Any CPU
		{FD4B419F-0087-4EB0-85A1-0900E4DA616A}.net_2_0_Debug|Any CPU.Build.0 = Debug|Any CPU
		{FD4B419F-0087-4EB0-85A1-0900E4DA616A}.net_2_0_Release|Any CPU.ActiveCfg = Release|Any CPU
		{FD4B419F-0087-4EB0-85A1-0900E4DA616A}.net_2_0_Release|Any CPU.Build.0 = Release|Any CPU
		{FD4B419F-0087-4EB0-85A1-0900E4DA616A}.net_3_5_Debug|Any CPU.ActiveCfg = Debug|Any CPU
		{FD4B419F-0087-4EB0-85A1-0900E4DA616A}.net_3_5_Debug|Any CPU.Build.0 = Debug|Any CPU
		{FD4B419F-0087-4EB0-85A1-0900E4DA616A}.net_3_5_Release|Any CPU.ActiveCfg = Release|Any CPU
		{FD4B419F-0087-4EB0-85A1-0900E4DA616A}.net_3_5_Release|Any CPU.Build.0 = Release|Any CPU
		{FD4B419F-0087-4EB0-85A1-0900E4DA616A}.net_4_0_Debug|Any CPU.ActiveCfg = Debug|Any CPU
		{FD4B419F-0087-4EB0-85A1-0900E4DA616A}.net_4_0_Debug|Any CPU.Build.0 = Debug|Any CPU
		{FD4B419F-0087-4EB0-85A1-0900E4DA616A}.net_4_0_Release|Any CPU.ActiveCfg = Release|Any CPU
		{FD4B419F-0087-4EB0-85A1-0900E4DA616A}.net_4_0_Release|Any CPU.Build.0 = Release|Any CPU
		{FD4B419F-0087-4EB0-85A1-0900E4DA616A}.net_4_5_Debug|Any CPU.ActiveCfg = Debug|Any CPU
		{FD4B419F-0087-4EB0-85A1-0900E4DA616A}.net_4_5_Debug|Any CPU.Build.0 = Debug|Any CPU
		{FD4B419F-0087-4EB0-85A1-0900E4DA616A}.net_4_5_Release|Any CPU.ActiveCfg = Release|Any CPU
		{FD4B419F-0087-4EB0-85A1-0900E4DA616A}.net_4_5_Release|Any CPU.Build.0 = Release|Any CPU
		{FD4B419F-0087-4EB0-85A1-0900E4DA616A}.PrepareEnvironment|Any CPU.ActiveCfg = Release|Any CPU
		{FD4B419F-0087-4EB0-85A1-0900E4DA616A}.PrepareEnvironment|Any CPU.Build.0 = Release|Any CPU
		{FD4B419F-0087-4EB0-85A1-0900E4DA616A}.Publish|Any CPU.ActiveCfg = Release|Any CPU
		{FD4B419F-0087-4EB0-85A1-0900E4DA616A}.Publish|Any CPU.Build.0 = Release|Any CPU
		{FD4B419F-0087-4EB0-85A1-0900E4DA616A}.Release|Any CPU.ActiveCfg = Release|Any CPU
		{FD4B419F-0087-4EB0-85A1-0900E4DA616A}.Release|Any CPU.Build.0 = Release|Any CPU
		{FD4B419F-0087-4EB0-85A1-0900E4DA616A}.silverlight_Debug|Any CPU.ActiveCfg = Debug|Any CPU
		{FD4B419F-0087-4EB0-85A1-0900E4DA616A}.silverlight_Debug|Any CPU.Build.0 = Debug|Any CPU
		{FD4B419F-0087-4EB0-85A1-0900E4DA616A}.silverlight_Release|Any CPU.ActiveCfg = Release|Any CPU
		{FD4B419F-0087-4EB0-85A1-0900E4DA616A}.silverlight_Release|Any CPU.Build.0 = Release|Any CPU
		{FD4B419F-0087-4EB0-85A1-0900E4DA616A}.winphone_Debug|Any CPU.ActiveCfg = Debug|Any CPU
		{FD4B419F-0087-4EB0-85A1-0900E4DA616A}.winphone_Debug|Any CPU.Build.0 = Debug|Any CPU
		{FD4B419F-0087-4EB0-85A1-0900E4DA616A}.winphone_Release|Any CPU.ActiveCfg = Release|Any CPU
		{FD4B419F-0087-4EB0-85A1-0900E4DA616A}.winphone_Release|Any CPU.Build.0 = Release|Any CPU
		{CB24F959-F99C-4837-92E0-0F07D9B63FA6}.Debug|Any CPU.ActiveCfg = Debug|Any CPU
		{CB24F959-F99C-4837-92E0-0F07D9B63FA6}.Debug|Any CPU.Build.0 = Debug|Any CPU
		{CB24F959-F99C-4837-92E0-0F07D9B63FA6}.net_2_0_Debug|Any CPU.ActiveCfg = Debug|Any CPU
		{CB24F959-F99C-4837-92E0-0F07D9B63FA6}.net_2_0_Debug|Any CPU.Build.0 = Debug|Any CPU
		{CB24F959-F99C-4837-92E0-0F07D9B63FA6}.net_2_0_Release|Any CPU.ActiveCfg = Release|Any CPU
		{CB24F959-F99C-4837-92E0-0F07D9B63FA6}.net_2_0_Release|Any CPU.Build.0 = Release|Any CPU
		{CB24F959-F99C-4837-92E0-0F07D9B63FA6}.net_3_5_Debug|Any CPU.ActiveCfg = Debug|Any CPU
		{CB24F959-F99C-4837-92E0-0F07D9B63FA6}.net_3_5_Debug|Any CPU.Build.0 = Debug|Any CPU
		{CB24F959-F99C-4837-92E0-0F07D9B63FA6}.net_3_5_Release|Any CPU.ActiveCfg = Release|Any CPU
		{CB24F959-F99C-4837-92E0-0F07D9B63FA6}.net_3_5_Release|Any CPU.Build.0 = Release|Any CPU
		{CB24F959-F99C-4837-92E0-0F07D9B63FA6}.net_4_0_Debug|Any CPU.ActiveCfg = Debug|Any CPU
		{CB24F959-F99C-4837-92E0-0F07D9B63FA6}.net_4_0_Debug|Any CPU.Build.0 = Debug|Any CPU
		{CB24F959-F99C-4837-92E0-0F07D9B63FA6}.net_4_0_Release|Any CPU.ActiveCfg = Release|Any CPU
		{CB24F959-F99C-4837-92E0-0F07D9B63FA6}.net_4_0_Release|Any CPU.Build.0 = Release|Any CPU
		{CB24F959-F99C-4837-92E0-0F07D9B63FA6}.net_4_5_Debug|Any CPU.ActiveCfg = Debug|Any CPU
		{CB24F959-F99C-4837-92E0-0F07D9B63FA6}.net_4_5_Debug|Any CPU.Build.0 = Debug|Any CPU
		{CB24F959-F99C-4837-92E0-0F07D9B63FA6}.net_4_5_Release|Any CPU.ActiveCfg = Release|Any CPU
		{CB24F959-F99C-4837-92E0-0F07D9B63FA6}.net_4_5_Release|Any CPU.Build.0 = Release|Any CPU
		{CB24F959-F99C-4837-92E0-0F07D9B63FA6}.PrepareEnvironment|Any CPU.ActiveCfg = Release|Any CPU
		{CB24F959-F99C-4837-92E0-0F07D9B63FA6}.PrepareEnvironment|Any CPU.Build.0 = Release|Any CPU
		{CB24F959-F99C-4837-92E0-0F07D9B63FA6}.Publish|Any CPU.ActiveCfg = Release|Any CPU
		{CB24F959-F99C-4837-92E0-0F07D9B63FA6}.Publish|Any CPU.Build.0 = Release|Any CPU
		{CB24F959-F99C-4837-92E0-0F07D9B63FA6}.Release|Any CPU.ActiveCfg = Release|Any CPU
		{CB24F959-F99C-4837-92E0-0F07D9B63FA6}.Release|Any CPU.Build.0 = Release|Any CPU
		{CB24F959-F99C-4837-92E0-0F07D9B63FA6}.silverlight_Debug|Any CPU.ActiveCfg = Debug|Any CPU
		{CB24F959-F99C-4837-92E0-0F07D9B63FA6}.silverlight_Debug|Any CPU.Build.0 = Debug|Any CPU
		{CB24F959-F99C-4837-92E0-0F07D9B63FA6}.silverlight_Release|Any CPU.ActiveCfg = Release|Any CPU
		{CB24F959-F99C-4837-92E0-0F07D9B63FA6}.silverlight_Release|Any CPU.Build.0 = Release|Any CPU
		{CB24F959-F99C-4837-92E0-0F07D9B63FA6}.winphone_Debug|Any CPU.ActiveCfg = Debug|Any CPU
		{CB24F959-F99C-4837-92E0-0F07D9B63FA6}.winphone_Debug|Any CPU.Build.0 = Debug|Any CPU
		{CB24F959-F99C-4837-92E0-0F07D9B63FA6}.winphone_Release|Any CPU.ActiveCfg = Release|Any CPU
		{CB24F959-F99C-4837-92E0-0F07D9B63FA6}.winphone_Release|Any CPU.Build.0 = Release|Any CPU
		{C41067E2-0E3D-472C-9A77-F2898E284E25}.Debug|Any CPU.ActiveCfg = Debug|Any CPU
		{C41067E2-0E3D-472C-9A77-F2898E284E25}.Debug|Any CPU.Build.0 = Debug|Any CPU
		{C41067E2-0E3D-472C-9A77-F2898E284E25}.net_2_0_Debug|Any CPU.ActiveCfg = Debug|Any CPU
		{C41067E2-0E3D-472C-9A77-F2898E284E25}.net_2_0_Debug|Any CPU.Build.0 = Debug|Any CPU
		{C41067E2-0E3D-472C-9A77-F2898E284E25}.net_2_0_Release|Any CPU.ActiveCfg = Release|Any CPU
		{C41067E2-0E3D-472C-9A77-F2898E284E25}.net_2_0_Release|Any CPU.Build.0 = Release|Any CPU
		{C41067E2-0E3D-472C-9A77-F2898E284E25}.net_3_5_Debug|Any CPU.ActiveCfg = Debug|Any CPU
		{C41067E2-0E3D-472C-9A77-F2898E284E25}.net_3_5_Debug|Any CPU.Build.0 = Debug|Any CPU
		{C41067E2-0E3D-472C-9A77-F2898E284E25}.net_3_5_Release|Any CPU.ActiveCfg = Release|Any CPU
		{C41067E2-0E3D-472C-9A77-F2898E284E25}.net_3_5_Release|Any CPU.Build.0 = Release|Any CPU
		{C41067E2-0E3D-472C-9A77-F2898E284E25}.net_4_0_Debug|Any CPU.ActiveCfg = Debug|Any CPU
		{C41067E2-0E3D-472C-9A77-F2898E284E25}.net_4_0_Debug|Any CPU.Build.0 = Debug|Any CPU
		{C41067E2-0E3D-472C-9A77-F2898E284E25}.net_4_0_Release|Any CPU.ActiveCfg = Release|Any CPU
		{C41067E2-0E3D-472C-9A77-F2898E284E25}.net_4_0_Release|Any CPU.Build.0 = Release|Any CPU
		{C41067E2-0E3D-472C-9A77-F2898E284E25}.net_4_5_Debug|Any CPU.ActiveCfg = Debug|Any CPU
		{C41067E2-0E3D-472C-9A77-F2898E284E25}.net_4_5_Debug|Any CPU.Build.0 = Debug|Any CPU
		{C41067E2-0E3D-472C-9A77-F2898E284E25}.net_4_5_Release|Any CPU.ActiveCfg = Release|Any CPU
		{C41067E2-0E3D-472C-9A77-F2898E284E25}.net_4_5_Release|Any CPU.Build.0 = Release|Any CPU
		{C41067E2-0E3D-472C-9A77-F2898E284E25}.PrepareEnvironment|Any CPU.ActiveCfg = Release|Any CPU
		{C41067E2-0E3D-472C-9A77-F2898E284E25}.PrepareEnvironment|Any CPU.Build.0 = Release|Any CPU
		{C41067E2-0E3D-472C-9A77-F2898E284E25}.Publish|Any CPU.ActiveCfg = Release|Any CPU
		{C41067E2-0E3D-472C-9A77-F2898E284E25}.Publish|Any CPU.Build.0 = Release|Any CPU
		{C41067E2-0E3D-472C-9A77-F2898E284E25}.Release|Any CPU.ActiveCfg = Release|Any CPU
		{C41067E2-0E3D-472C-9A77-F2898E284E25}.Release|Any CPU.Build.0 = Release|Any CPU
		{C41067E2-0E3D-472C-9A77-F2898E284E25}.silverlight_Debug|Any CPU.ActiveCfg = Debug|Any CPU
		{C41067E2-0E3D-472C-9A77-F2898E284E25}.silverlight_Debug|Any CPU.Build.0 = Debug|Any CPU
		{C41067E2-0E3D-472C-9A77-F2898E284E25}.silverlight_Release|Any CPU.ActiveCfg = Release|Any CPU
		{C41067E2-0E3D-472C-9A77-F2898E284E25}.silverlight_Release|Any CPU.Build.0 = Release|Any CPU
		{C41067E2-0E3D-472C-9A77-F2898E284E25}.winphone_Debug|Any CPU.ActiveCfg = Debug|Any CPU
		{C41067E2-0E3D-472C-9A77-F2898E284E25}.winphone_Debug|Any CPU.Build.0 = Debug|Any CPU
		{C41067E2-0E3D-472C-9A77-F2898E284E25}.winphone_Release|Any CPU.ActiveCfg = Release|Any CPU
		{C41067E2-0E3D-472C-9A77-F2898E284E25}.winphone_Release|Any CPU.Build.0 = Release|Any CPU
		{2D7971F9-B6BA-4483-B8F4-946F178A305F}.Debug|Any CPU.ActiveCfg = Debug|Any CPU
		{2D7971F9-B6BA-4483-B8F4-946F178A305F}.Debug|Any CPU.Build.0 = Debug|Any CPU
		{2D7971F9-B6BA-4483-B8F4-946F178A305F}.net_2_0_Debug|Any CPU.ActiveCfg = Debug|Any CPU
		{2D7971F9-B6BA-4483-B8F4-946F178A305F}.net_2_0_Debug|Any CPU.Build.0 = Debug|Any CPU
		{2D7971F9-B6BA-4483-B8F4-946F178A305F}.net_2_0_Release|Any CPU.ActiveCfg = Release|Any CPU
		{2D7971F9-B6BA-4483-B8F4-946F178A305F}.net_2_0_Release|Any CPU.Build.0 = Release|Any CPU
		{2D7971F9-B6BA-4483-B8F4-946F178A305F}.net_3_5_Debug|Any CPU.ActiveCfg = Debug|Any CPU
		{2D7971F9-B6BA-4483-B8F4-946F178A305F}.net_3_5_Debug|Any CPU.Build.0 = Debug|Any CPU
		{2D7971F9-B6BA-4483-B8F4-946F178A305F}.net_3_5_Release|Any CPU.ActiveCfg = Release|Any CPU
		{2D7971F9-B6BA-4483-B8F4-946F178A305F}.net_3_5_Release|Any CPU.Build.0 = Release|Any CPU
		{2D7971F9-B6BA-4483-B8F4-946F178A305F}.net_4_0_Debug|Any CPU.ActiveCfg = Debug|Any CPU
		{2D7971F9-B6BA-4483-B8F4-946F178A305F}.net_4_0_Debug|Any CPU.Build.0 = Debug|Any CPU
		{2D7971F9-B6BA-4483-B8F4-946F178A305F}.net_4_0_Release|Any CPU.ActiveCfg = Release|Any CPU
		{2D7971F9-B6BA-4483-B8F4-946F178A305F}.net_4_0_Release|Any CPU.Build.0 = Release|Any CPU
		{2D7971F9-B6BA-4483-B8F4-946F178A305F}.net_4_5_Debug|Any CPU.ActiveCfg = Debug|Any CPU
		{2D7971F9-B6BA-4483-B8F4-946F178A305F}.net_4_5_Debug|Any CPU.Build.0 = Debug|Any CPU
		{2D7971F9-B6BA-4483-B8F4-946F178A305F}.net_4_5_Release|Any CPU.ActiveCfg = Release|Any CPU
		{2D7971F9-B6BA-4483-B8F4-946F178A305F}.net_4_5_Release|Any CPU.Build.0 = Release|Any CPU
		{2D7971F9-B6BA-4483-B8F4-946F178A305F}.PrepareEnvironment|Any CPU.ActiveCfg = Release|Any CPU
		{2D7971F9-B6BA-4483-B8F4-946F178A305F}.PrepareEnvironment|Any CPU.Build.0 = Release|Any CPU
		{2D7971F9-B6BA-4483-B8F4-946F178A305F}.Publish|Any CPU.ActiveCfg = Release|Any CPU
		{2D7971F9-B6BA-4483-B8F4-946F178A305F}.Publish|Any CPU.Build.0 = Release|Any CPU
		{2D7971F9-B6BA-4483-B8F4-946F178A305F}.Release|Any CPU.ActiveCfg = Release|Any CPU
		{2D7971F9-B6BA-4483-B8F4-946F178A305F}.Release|Any CPU.Build.0 = Release|Any CPU
		{2D7971F9-B6BA-4483-B8F4-946F178A305F}.silverlight_Debug|Any CPU.ActiveCfg = Debug|Any CPU
		{2D7971F9-B6BA-4483-B8F4-946F178A305F}.silverlight_Debug|Any CPU.Build.0 = Debug|Any CPU
		{2D7971F9-B6BA-4483-B8F4-946F178A305F}.silverlight_Release|Any CPU.ActiveCfg = Release|Any CPU
		{2D7971F9-B6BA-4483-B8F4-946F178A305F}.silverlight_Release|Any CPU.Build.0 = Release|Any CPU
		{2D7971F9-B6BA-4483-B8F4-946F178A305F}.winphone_Debug|Any CPU.ActiveCfg = Debug|Any CPU
		{2D7971F9-B6BA-4483-B8F4-946F178A305F}.winphone_Debug|Any CPU.Build.0 = Debug|Any CPU
		{2D7971F9-B6BA-4483-B8F4-946F178A305F}.winphone_Release|Any CPU.ActiveCfg = Release|Any CPU
		{2D7971F9-B6BA-4483-B8F4-946F178A305F}.winphone_Release|Any CPU.Build.0 = Release|Any CPU
		{5A43EA23-67AE-4345-BD09-4F06A93BAB4C}.Debug|Any CPU.ActiveCfg = Debug|Any CPU
		{5A43EA23-67AE-4345-BD09-4F06A93BAB4C}.Debug|Any CPU.Build.0 = Debug|Any CPU
		{5A43EA23-67AE-4345-BD09-4F06A93BAB4C}.net_2_0_Debug|Any CPU.ActiveCfg = Debug|Any CPU
		{5A43EA23-67AE-4345-BD09-4F06A93BAB4C}.net_2_0_Debug|Any CPU.Build.0 = Debug|Any CPU
		{5A43EA23-67AE-4345-BD09-4F06A93BAB4C}.net_2_0_Release|Any CPU.ActiveCfg = Release|Any CPU
		{5A43EA23-67AE-4345-BD09-4F06A93BAB4C}.net_2_0_Release|Any CPU.Build.0 = Release|Any CPU
		{5A43EA23-67AE-4345-BD09-4F06A93BAB4C}.net_3_5_Debug|Any CPU.ActiveCfg = Debug|Any CPU
		{5A43EA23-67AE-4345-BD09-4F06A93BAB4C}.net_3_5_Debug|Any CPU.Build.0 = Debug|Any CPU
		{5A43EA23-67AE-4345-BD09-4F06A93BAB4C}.net_3_5_Release|Any CPU.ActiveCfg = Release|Any CPU
		{5A43EA23-67AE-4345-BD09-4F06A93BAB4C}.net_3_5_Release|Any CPU.Build.0 = Release|Any CPU
		{5A43EA23-67AE-4345-BD09-4F06A93BAB4C}.net_4_0_Debug|Any CPU.ActiveCfg = Debug|Any CPU
		{5A43EA23-67AE-4345-BD09-4F06A93BAB4C}.net_4_0_Debug|Any CPU.Build.0 = Debug|Any CPU
		{5A43EA23-67AE-4345-BD09-4F06A93BAB4C}.net_4_0_Release|Any CPU.ActiveCfg = Release|Any CPU
		{5A43EA23-67AE-4345-BD09-4F06A93BAB4C}.net_4_0_Release|Any CPU.Build.0 = Release|Any CPU
		{5A43EA23-67AE-4345-BD09-4F06A93BAB4C}.net_4_5_Debug|Any CPU.ActiveCfg = Debug|Any CPU
		{5A43EA23-67AE-4345-BD09-4F06A93BAB4C}.net_4_5_Debug|Any CPU.Build.0 = Debug|Any CPU
		{5A43EA23-67AE-4345-BD09-4F06A93BAB4C}.net_4_5_Release|Any CPU.ActiveCfg = Release|Any CPU
		{5A43EA23-67AE-4345-BD09-4F06A93BAB4C}.net_4_5_Release|Any CPU.Build.0 = Release|Any CPU
		{5A43EA23-67AE-4345-BD09-4F06A93BAB4C}.PrepareEnvironment|Any CPU.ActiveCfg = Release|Any CPU
		{5A43EA23-67AE-4345-BD09-4F06A93BAB4C}.PrepareEnvironment|Any CPU.Build.0 = Release|Any CPU
		{5A43EA23-67AE-4345-BD09-4F06A93BAB4C}.Publish|Any CPU.ActiveCfg = Release|Any CPU
		{5A43EA23-67AE-4345-BD09-4F06A93BAB4C}.Publish|Any CPU.Build.0 = Release|Any CPU
		{5A43EA23-67AE-4345-BD09-4F06A93BAB4C}.Release|Any CPU.ActiveCfg = Release|Any CPU
		{5A43EA23-67AE-4345-BD09-4F06A93BAB4C}.Release|Any CPU.Build.0 = Release|Any CPU
		{5A43EA23-67AE-4345-BD09-4F06A93BAB4C}.silverlight_Debug|Any CPU.ActiveCfg = Debug|Any CPU
		{5A43EA23-67AE-4345-BD09-4F06A93BAB4C}.silverlight_Debug|Any CPU.Build.0 = Debug|Any CPU
		{5A43EA23-67AE-4345-BD09-4F06A93BAB4C}.silverlight_Release|Any CPU.ActiveCfg = Release|Any CPU
		{5A43EA23-67AE-4345-BD09-4F06A93BAB4C}.silverlight_Release|Any CPU.Build.0 = Release|Any CPU
		{5A43EA23-67AE-4345-BD09-4F06A93BAB4C}.winphone_Debug|Any CPU.ActiveCfg = Debug|Any CPU
		{5A43EA23-67AE-4345-BD09-4F06A93BAB4C}.winphone_Debug|Any CPU.Build.0 = Debug|Any CPU
		{5A43EA23-67AE-4345-BD09-4F06A93BAB4C}.winphone_Release|Any CPU.ActiveCfg = Release|Any CPU
		{5A43EA23-67AE-4345-BD09-4F06A93BAB4C}.winphone_Release|Any CPU.Build.0 = Release|Any CPU
	EndGlobalSection
	GlobalSection(SolutionProperties) = preSolution
		HideSolutionNode = FALSE
	EndGlobalSection
	GlobalSection(NestedProjects) = preSolution
		{C251B6AA-3B58-478E-A3A1-7B98A6B1A295} = {B4C1CF00-C757-4503-9993-E8A2BC89848B}
		{63D124A3-19FB-4AFD-87B6-DC27A7B6EF13} = {B4C1CF00-C757-4503-9993-E8A2BC89848B}
	EndGlobalSection
	GlobalSection(ExtensibilityGlobals) = postSolution
		SolutionGuid = {049E85BE-6548-43D4-90A2-4BBF7959EC25}
	EndGlobalSection
EndGlobal
