
Microsoft Visual Studio Solution File, Format Version 12.00
# Visual Studio 15
VisualStudioVersion = 15.0.27703.2026
MinimumVisualStudioVersion = 10.0.40219.1
Project("{FAE04EC0-301F-11D3-BF4B-00C04F79EFBC}") = "SmarterUnpause", "SmarterUnpause\SmarterUnpause.csproj", "{66796342-C8AB-4282-92FA-672B5169129A}"
EndProject
Project("{FAE04EC0-301F-11D3-BF4B-00C04F79EFBC}") = "AppInfo", "AppInfo\AppInfo.csproj", "{0F2B20F5-508C-442A-8D0E-928CEBA5522F}"
EndProject
Project("{FAE04EC0-301F-11D3-BF4B-00C04F79EFBC}") = "CombatLogLogger", "CombatLogLogger\CombatLogLogger.csproj", "{FF25C6C3-4C3D-42DF-9C74-1F7A6150E0A7}"
EndProject
Project("{2150E333-8FDC-42A3-9474-1A3956D46DE8}") = "Solution Items", "Solution Items", "{B4C1CF00-C757-4503-9993-E8A2BC89848B}"
	ProjectSection(SolutionItems) = preProject
		License.txt = License.txt
		README.MD = README.MD
	EndProjectSection
EndProject
Global
	GlobalSection(SolutionConfigurationPlatforms) = preSolution
		Debug|Any CPU = Debug|Any CPU
		net_2_0_Debug|Any CPU = net_2_0_Debug|Any CPU
		net_2_0_Release|Any CPU = net_2_0_Release|Any CPU
		net_3_5_Debug|Any CPU = net_3_5_Debug|Any CPU
		net_3_5_Release|Any CPU = net_3_5_Release|Any CPU
		net_4_0_Debug|Any CPU = net_4_0_Debug|Any CPU
		net_4_0_Release|Any CPU = net_4_0_Release|Any CPU
		net_4_5_Debug|Any CPU = net_4_5_Debug|Any CPU
		net_4_5_Release|Any CPU = net_4_5_Release|Any CPU
		PrepareEnvironment|Any CPU = PrepareEnvironment|Any CPU
		Publish|Any CPU = Publish|Any CPU
		Release|Any CPU = Release|Any CPU
		silverlight_Debug|Any CPU = silverlight_Debug|Any CPU
		silverlight_Release|Any CPU = silverlight_Release|Any CPU
		winphone_Debug|Any CPU = winphone_Debug|Any CPU
		winphone_Release|Any CPU = winphone_Release|Any CPU
	EndGlobalSection
	GlobalSection(ProjectConfigurationPlatforms) = postSolution
		{66796342-C8AB-4282-92FA-672B5169129A}.Debug|Any CPU.ActiveCfg = Debug|Any CPU
		{66796342-C8AB-4282-92FA-672B5169129A}.Debug|Any CPU.Build.0 = Debug|Any CPU
		{66796342-C8AB-4282-92FA-672B5169129A}.net_2_0_Debug|Any CPU.ActiveCfg = Debug|Any CPU
		{66796342-C8AB-4282-92FA-672B5169129A}.net_2_0_Debug|Any CPU.Build.0 = Debug|Any CPU
		{66796342-C8AB-4282-92FA-672B5169129A}.net_2_0_Release|Any CPU.ActiveCfg = Release|Any CPU
		{66796342-C8AB-4282-92FA-672B5169129A}.net_2_0_Release|Any CPU.Build.0 = Release|Any CPU
		{66796342-C8AB-4282-92FA-672B5169129A}.net_3_5_Debug|Any CPU.ActiveCfg = Debug|Any CPU
		{66796342-C8AB-4282-92FA-672B5169129A}.net_3_5_Debug|Any CPU.Build.0 = Debug|Any CPU
		{66796342-C8AB-4282-92FA-672B5169129A}.net_3_5_Release|Any CPU.ActiveCfg = Release|Any CPU
		{66796342-C8AB-4282-92FA-672B5169129A}.net_3_5_Release|Any CPU.Build.0 = Release|Any CPU
		{66796342-C8AB-4282-92FA-672B5169129A}.net_4_0_Debug|Any CPU.ActiveCfg = Debug|Any CPU
		{66796342-C8AB-4282-92FA-672B5169129A}.net_4_0_Debug|Any CPU.Build.0 = Debug|Any CPU
		{66796342-C8AB-4282-92FA-672B5169129A}.net_4_0_Release|Any CPU.ActiveCfg = Release|Any CPU
		{66796342-C8AB-4282-92FA-672B5169129A}.net_4_0_Release|Any CPU.Build.0 = Release|Any CPU
		{66796342-C8AB-4282-92FA-672B5169129A}.net_4_5_Debug|Any CPU.ActiveCfg = Debug|Any CPU
		{66796342-C8AB-4282-92FA-672B5169129A}.net_4_5_Debug|Any CPU.Build.0 = Debug|Any CPU
		{66796342-C8AB-4282-92FA-672B5169129A}.net_4_5_Release|Any CPU.ActiveCfg = Release|Any CPU
		{66796342-C8AB-4282-92FA-672B5169129A}.net_4_5_Release|Any CPU.Build.0 = Release|Any CPU
		{66796342-C8AB-4282-92FA-672B5169129A}.PrepareEnvironment|Any CPU.ActiveCfg = Release|Any CPU
		{66796342-C8AB-4282-92FA-672B5169129A}.PrepareEnvironment|Any CPU.Build.0 = Release|Any CPU
		{66796342-C8AB-4282-92FA-672B5169129A}.Publish|Any CPU.ActiveCfg = Release|Any CPU
		{66796342-C8AB-4282-92FA-672B5169129A}.Publish|Any CPU.Build.0 = Release|Any CPU
		{66796342-C8AB-4282-92FA-672B5169129A}.Release|Any CPU.ActiveCfg = Release|Any CPU
		{66796342-C8AB-4282-92FA-672B5169129A}.Release|Any CPU.Build.0 = Release|Any CPU
		{66796342-C8AB-4282-92FA-672B5169129A}.silverlight_Debug|Any CPU.ActiveCfg = Debug|Any CPU
		{66796342-C8AB-4282-92FA-672B5169129A}.silverlight_Debug|Any CPU.Build.0 = Debug|Any CPU
		{66796342-C8AB-4282-92FA-672B5169129A}.silverlight_Release|Any CPU.ActiveCfg = Release|Any CPU
		{66796342-C8AB-4282-92FA-672B5169129A}.silverlight_Release|Any CPU.Build.0 = Release|Any CPU
		{66796342-C8AB-4282-92FA-672B5169129A}.winphone_Debug|Any CPU.ActiveCfg = Debug|Any CPU
		{66796342-C8AB-4282-92FA-672B5169129A}.winphone_Debug|Any CPU.Build.0 = Debug|Any CPU
		{66796342-C8AB-4282-92FA-672B5169129A}.winphone_Release|Any CPU.ActiveCfg = Release|Any CPU
		{66796342-C8AB-4282-92FA-672B5169129A}.winphone_Release|Any CPU.Build.0 = Release|Any CPU
		{0F2B20F5-508C-442A-8D0E-928CEBA5522F}.Debug|Any CPU.ActiveCfg = Debug|Any CPU
		{0F2B20F5-508C-442A-8D0E-928CEBA5522F}.Debug|Any CPU.Build.0 = Debug|Any CPU
		{0F2B20F5-508C-442A-8D0E-928CEBA5522F}.net_2_0_Debug|Any CPU.ActiveCfg = Debug|Any CPU
		{0F2B20F5-508C-442A-8D0E-928CEBA5522F}.net_2_0_Debug|Any CPU.Build.0 = Debug|Any CPU
		{0F2B20F5-508C-442A-8D0E-928CEBA5522F}.net_2_0_Release|Any CPU.ActiveCfg = Release|Any CPU
		{0F2B20F5-508C-442A-8D0E-928CEBA5522F}.net_2_0_Release|Any CPU.Build.0 = Release|Any CPU
		{0F2B20F5-508C-442A-8D0E-928CEBA5522F}.net_3_5_Debug|Any CPU.ActiveCfg = Debug|Any CPU
		{0F2B20F5-508C-442A-8D0E-928CEBA5522F}.net_3_5_Debug|Any CPU.Build.0 = Debug|Any CPU
		{0F2B20F5-508C-442A-8D0E-928CEBA5522F}.net_3_5_Release|Any CPU.ActiveCfg = Release|Any CPU
		{0F2B20F5-508C-442A-8D0E-928CEBA5522F}.net_3_5_Release|Any CPU.Build.0 = Release|Any CPU
		{0F2B20F5-508C-442A-8D0E-928CEBA5522F}.net_4_0_Debug|Any CPU.ActiveCfg = Debug|Any CPU
		{0F2B20F5-508C-442A-8D0E-928CEBA5522F}.net_4_0_Debug|Any CPU.Build.0 = Debug|Any CPU
		{0F2B20F5-508C-442A-8D0E-928CEBA5522F}.net_4_0_Release|Any CPU.ActiveCfg = Release|Any CPU
		{0F2B20F5-508C-442A-8D0E-928CEBA5522F}.net_4_0_Release|Any CPU.Build.0 = Release|Any CPU
		{0F2B20F5-508C-442A-8D0E-928CEBA5522F}.net_4_5_Debug|Any CPU.ActiveCfg = Debug|Any CPU
		{0F2B20F5-508C-442A-8D0E-928CEBA5522F}.net_4_5_Debug|Any CPU.Build.0 = Debug|Any CPU
		{0F2B20F5-508C-442A-8D0E-928CEBA5522F}.net_4_5_Release|Any CPU.ActiveCfg = Release|Any CPU
		{0F2B20F5-508C-442A-8D0E-928CEBA5522F}.net_4_5_Release|Any CPU.Build.0 = Release|Any CPU
		{0F2B20F5-508C-442A-8D0E-928CEBA5522F}.PrepareEnvironment|Any CPU.ActiveCfg = Release|Any CPU
		{0F2B20F5-508C-442A-8D0E-928CEBA5522F}.PrepareEnvironment|Any CPU.Build.0 = Release|Any CPU
		{0F2B20F5-508C-442A-8D0E-928CEBA5522F}.Publish|Any CPU.ActiveCfg = Release|Any CPU
		{0F2B20F5-508C-442A-8D0E-928CEBA5522F}.Publish|Any CPU.Build.0 = Release|Any CPU
		{0F2B20F5-508C-442A-8D0E-928CEBA5522F}.Release|Any CPU.ActiveCfg = Release|Any CPU
		{0F2B20F5-508C-442A-8D0E-928CEBA5522F}.Release|Any CPU.Build.0 = Release|Any CPU
		{0F2B20F5-508C-442A-8D0E-928CEBA5522F}.silverlight_Debug|Any CPU.ActiveCfg = Debug|Any CPU
		{0F2B20F5-508C-442A-8D0E-928CEBA5522F}.silverlight_Debug|Any CPU.Build.0 = Debug|Any CPU
		{0F2B20F5-508C-442A-8D0E-928CEBA5522F}.silverlight_Release|Any CPU.ActiveCfg = Release|Any CPU
		{0F2B20F5-508C-442A-8D0E-928CEBA5522F}.silverlight_Release|Any CPU.Build.0 = Release|Any CPU
		{0F2B20F5-508C-442A-8D0E-928CEBA5522F}.winphone_Debug|Any CPU.ActiveCfg = Debug|Any CPU
		{0F2B20F5-508C-442A-8D0E-928CEBA5522F}.winphone_Debug|Any CPU.Build.0 = Debug|Any CPU
		{0F2B20F5-508C-442A-8D0E-928CEBA5522F}.winphone_Release|Any CPU.ActiveCfg = Release|Any CPU
		{0F2B20F5-508C-442A-8D0E-928CEBA5522F}.winphone_Release|Any CPU.Build.0 = Release|Any CPU
		{FF25C6C3-4C3D-42DF-9C74-1F7A6150E0A7}.Debug|Any CPU.ActiveCfg = Debug|Any CPU
		{FF25C6C3-4C3D-42DF-9C74-1F7A6150E0A7}.Debug|Any CPU.Build.0 = Debug|Any CPU
		{FF25C6C3-4C3D-42DF-9C74-1F7A6150E0A7}.net_2_0_Debug|Any CPU.ActiveCfg = Debug|Any CPU
		{FF25C6C3-4C3D-42DF-9C74-1F7A6150E0A7}.net_2_0_Debug|Any CPU.Build.0 = Debug|Any CPU
		{FF25C6C3-4C3D-42DF-9C74-1F7A6150E0A7}.net_2_0_Release|Any CPU.ActiveCfg = Release|Any CPU
		{FF25C6C3-4C3D-42DF-9C74-1F7A6150E0A7}.net_2_0_Release|Any CPU.Build.0 = Release|Any CPU
		{FF25C6C3-4C3D-42DF-9C74-1F7A6150E0A7}.net_3_5_Debug|Any CPU.ActiveCfg = Debug|Any CPU
		{FF25C6C3-4C3D-42DF-9C74-1F7A6150E0A7}.net_3_5_Debug|Any CPU.Build.0 = Debug|Any CPU
		{FF25C6C3-4C3D-42DF-9C74-1F7A6150E0A7}.net_3_5_Release|Any CPU.ActiveCfg = Release|Any CPU
		{FF25C6C3-4C3D-42DF-9C74-1F7A6150E0A7}.net_3_5_Release|Any CPU.Build.0 = Release|Any CPU
		{FF25C6C3-4C3D-42DF-9C74-1F7A6150E0A7}.net_4_0_Debug|Any CPU.ActiveCfg = Debug|Any CPU
		{FF25C6C3-4C3D-42DF-9C74-1F7A6150E0A7}.net_4_0_Debug|Any CPU.Build.0 = Debug|Any CPU
		{FF25C6C3-4C3D-42DF-9C74-1F7A6150E0A7}.net_4_0_Release|Any CPU.ActiveCfg = Release|Any CPU
		{FF25C6C3-4C3D-42DF-9C74-1F7A6150E0A7}.net_4_0_Release|Any CPU.Build.0 = Release|Any CPU
		{FF25C6C3-4C3D-42DF-9C74-1F7A6150E0A7}.net_4_5_Debug|Any CPU.ActiveCfg = Debug|Any CPU
		{FF25C6C3-4C3D-42DF-9C74-1F7A6150E0A7}.net_4_5_Debug|Any CPU.Build.0 = Debug|Any CPU
		{FF25C6C3-4C3D-42DF-9C74-1F7A6150E0A7}.net_4_5_Release|Any CPU.ActiveCfg = Release|Any CPU
		{FF25C6C3-4C3D-42DF-9C74-1F7A6150E0A7}.net_4_5_Release|Any CPU.Build.0 = Release|Any CPU
		{FF25C6C3-4C3D-42DF-9C74-1F7A6150E0A7}.PrepareEnvironment|Any CPU.ActiveCfg = Release|Any CPU
		{FF25C6C3-4C3D-42DF-9C74-1F7A6150E0A7}.PrepareEnvironment|Any CPU.Build.0 = Release|Any CPU
		{FF25C6C3-4C3D-42DF-9C74-1F7A6150E0A7}.Publish|Any CPU.ActiveCfg = Release|Any CPU
		{FF25C6C3-4C3D-42DF-9C74-1F7A6150E0A7}.Publish|Any CPU.Build.0 = Release|Any CPU
		{FF25C6C3-4C3D-42DF-9C74-1F7A6150E0A7}.Release|Any CPU.ActiveCfg = Release|Any CPU
		{FF25C6C3-4C3D-42DF-9C74-1F7A6150E0A7}.Release|Any CPU.Build.0 = Release|Any CPU
		{FF25C6C3-4C3D-42DF-9C74-1F7A6150E0A7}.silverlight_Debug|Any CPU.ActiveCfg = Debug|Any CPU
		{FF25C6C3-4C3D-42DF-9C74-1F7A6150E0A7}.silverlight_Debug|Any CPU.Build.0 = Debug|Any CPU
		{FF25C6C3-4C3D-42DF-9C74-1F7A6150E0A7}.silverlight_Release|Any CPU.ActiveCfg = Release|Any CPU
		{FF25C6C3-4C3D-42DF-9C74-1F7A6150E0A7}.silverlight_Release|Any CPU.Build.0 = Release|Any CPU
		{FF25C6C3-4C3D-42DF-9C74-1F7A6150E0A7}.winphone_Debug|Any CPU.ActiveCfg = Debug|Any CPU
		{FF25C6C3-4C3D-42DF-9C74-1F7A6150E0A7}.winphone_Debug|Any CPU.Build.0 = Debug|Any CPU
		{FF25C6C3-4C3D-42DF-9C74-1F7A6150E0A7}.winphone_Release|Any CPU.ActiveCfg = Release|Any CPU
		{FF25C6C3-4C3D-42DF-9C74-1F7A6150E0A7}.winphone_Release|Any CPU.Build.0 = Release|Any CPU
	EndGlobalSection
	GlobalSection(SolutionProperties) = preSolution
		HideSolutionNode = FALSE
	EndGlobalSection
	GlobalSection(ExtensibilityGlobals) = postSolution
		SolutionGuid = {049E85BE-6548-43D4-90A2-4BBF7959EC25}
	EndGlobalSection
EndGlobal
